
Microsoft Visual Studio Solution File, Format Version 12.00
Project("{2150E333-8FDC-42A3-9474-1A3956D46DE8}") = "src", "src", "{B9E561B7-2424-4798-8B23-01A4307BE2D7}"
EndProject
Project("{2150E333-8FDC-42A3-9474-1A3956D46DE8}") = "tests", "tests", "{1391BDBB-9B82-4410-B317-A58DA784D2FA}"
EndProject
Project("{FAE04EC0-301F-11D3-BF4B-00C04F79EFBC}") = "PicCard.Archive.Api", "src\PicCard.Archive.Api\PicCard.Archive.Api.csproj", "{D31F891B-0009-4AC3-9E7E-EA35E5B383FC}"
EndProject
Global
	GlobalSection(SolutionConfigurationPlatforms) = preSolution
		Debug|Any CPU = Debug|Any CPU
		Release|Any CPU = Release|Any CPU
	EndGlobalSection
	GlobalSection(NestedProjects) = preSolution
		{D31F891B-0009-4AC3-9E7E-EA35E5B383FC} = {B9E561B7-2424-4798-8B23-01A4307BE2D7}
	EndGlobalSection
	GlobalSection(ProjectConfigurationPlatforms) = postSolution
		{D31F891B-0009-4AC3-9E7E-EA35E5B383FC}.Debug|Any CPU.ActiveCfg = Debug|Any CPU
		{D31F891B-0009-4AC3-9E7E-EA35E5B383FC}.Debug|Any CPU.Build.0 = Debug|Any CPU
		{D31F891B-0009-4AC3-9E7E-EA35E5B383FC}.Release|Any CPU.ActiveCfg = Release|Any CPU
		{D31F891B-0009-4AC3-9E7E-EA35E5B383FC}.Release|Any CPU.Build.0 = Release|Any CPU
	EndGlobalSection
EndGlobal
